
Microsoft Visual Studio Solution File, Format Version 12.00
# Visual Studio 14
VisualStudioVersion = 14.0.24720.0
MinimumVisualStudioVersion = 10.0.40219.1
Project("{8BC9CEB8-8B4A-11D0-8D11-00A0C91BC942}") = "lab2", "lab2\lab2.vcxproj", "{C1ED40BB-DA7E-4A62-9982-15D2379E4680}"
EndProject
Project("{8BC9CEB8-8B4A-11D0-8D11-00A0C91BC942}") = "ConvexHullDll", "ConvexHullDll\ConvexHullDll.vcxproj", "{F9F6A2B1-669F-4FA9-A9DD-2B3B74D05114}"
EndProject
Global
	GlobalSection(SolutionConfigurationPlatforms) = preSolution
		Debug|x64 = Debug|x64
		Debug|x86 = Debug|x86
		Release|x64 = Release|x64
		Release|x86 = Release|x86
	EndGlobalSection
	GlobalSection(ProjectConfigurationPlatforms) = postSolution
		{C1ED40BB-DA7E-4A62-9982-15D2379E4680}.Debug|x64.ActiveCfg = Debug|x64
		{C1ED40BB-DA7E-4A62-9982-15D2379E4680}.Debug|x64.Build.0 = Debug|x64
		{C1ED40BB-DA7E-4A62-9982-15D2379E4680}.Debug|x86.ActiveCfg = Debug|Win32
		{C1ED40BB-DA7E-4A62-9982-15D2379E4680}.Debug|x86.Build.0 = Debug|Win32
		{C1ED40BB-DA7E-4A62-9982-15D2379E4680}.Release|x64.ActiveCfg = Release|x64
		{C1ED40BB-DA7E-4A62-9982-15D2379E4680}.Release|x64.Build.0 = Release|x64
		{C1ED40BB-DA7E-4A62-9982-15D2379E4680}.Release|x86.ActiveCfg = Release|Win32
		{C1ED40BB-DA7E-4A62-9982-15D2379E4680}.Release|x86.Build.0 = Release|Win32
		{F9F6A2B1-669F-4FA9-A9DD-2B3B74D05114}.Debug|x64.ActiveCfg = Debug|x64
		{F9F6A2B1-669F-4FA9-A9DD-2B3B74D05114}.Debug|x64.Build.0 = Debug|x64
		{F9F6A2B1-669F-4FA9-A9DD-2B3B74D05114}.Debug|x86.ActiveCfg = Debug|Win32
		{F9F6A2B1-669F-4FA9-A9DD-2B3B74D05114}.Debug|x86.Build.0 = Debug|Win32
		{F9F6A2B1-669F-4FA9-A9DD-2B3B74D05114}.Release|x64.ActiveCfg = Release|x64
		{F9F6A2B1-669F-4FA9-A9DD-2B3B74D05114}.Release|x64.Build.0 = Release|x64
		{F9F6A2B1-669F-4FA9-A9DD-2B3B74D05114}.Release|x86.ActiveCfg = Release|Win32
		{F9F6A2B1-669F-4FA9-A9DD-2B3B74D05114}.Release|x86.Build.0 = Release|Win32
	EndGlobalSection
	GlobalSection(SolutionProperties) = preSolution
		HideSolutionNode = FALSE
	EndGlobalSection
EndGlobal
